
Microsoft Visual Studio Solution File, Format Version 12.00
# Visual Studio Version 17
VisualStudioVersion = 17.5.002.0
MinimumVisualStudioVersion = 10.0.40219.1
Project("{2150E333-8FDC-42A3-9474-1A3956D46DE8}") = "Section 1 -GetStarted", "Section 1 -GetStarted", "{A3E46E3D-9C82-4570-B5DD-2A8C21F65D10}"
EndProject
Project("{9A19103F-16F7-4668-BE54-9A1E7A4F7556}") = "Assignment1", "Section 1 -GetStarted\Assignment1\Assignment1.csproj", "{98D812E7-93C6-40F3-84D9-1FED1142B391}"
EndProject
Project("{9A19103F-16F7-4668-BE54-9A1E7A4F7556}") = "Assignment1Solution", "Section 1 -GetStarted\Assignment1Solution\Assignment1Solution.csproj", "{C3737622-9250-429E-B845-14D8E46AB5D7}"
EndProject
Project("{9A19103F-16F7-4668-BE54-9A1E7A4F7556}") = "Basics", "Section 1 -GetStarted\Basics\Basics.csproj", "{0C4DF1BF-61EB-4E1A-83D2-871A6DF1ADED}"
EndProject
Project("{2150E333-8FDC-42A3-9474-1A3956D46DE8}") = "Section 2 -Variables", "Section 2 -Variables", "{87D90365-0051-4AF0-9322-804488CEB471}"
EndProject
Project("{9A19103F-16F7-4668-BE54-9A1E7A4F7556}") = "Arrays", "Section 2 -Variables\Arrays\Arrays.csproj", "{CA2F363D-25A8-44AF-B57A-5AC55FBC1A45}"
EndProject
Project("{9A19103F-16F7-4668-BE54-9A1E7A4F7556}") = "Assignment1", "Section 2 -Variables\Assignment1\Assignment1.csproj", "{12A3729E-4ED3-4B6D-BA7D-224F82206724}"
EndProject
Project("{9A19103F-16F7-4668-BE54-9A1E7A4F7556}") = "Assignment1Solution", "Section 2 -Variables\Assignment1Solution\Assignment1Solution.csproj", "{C4749ACB-0B14-4022-B4D9-B3E357ADEB6D}"
EndProject
Project("{9A19103F-16F7-4668-BE54-9A1E7A4F7556}") = "Boolean", "Section 2 -Variables\Boolean\Boolean.csproj", "{1243E696-EEE6-4D56-AF5E-87B2D659BFEF}"
EndProject
Project("{9A19103F-16F7-4668-BE54-9A1E7A4F7556}") = "Numbers", "Section 2 -Variables\Numbers\Numbers.csproj", "{D144108B-B2A5-41C3-9F4D-054D1274DFD9}"
EndProject
Project("{9A19103F-16F7-4668-BE54-9A1E7A4F7556}") = "Text", "Section 2 -Variables\Text\Text.csproj", "{F9883060-93FB-4BFE-8B98-2984FA78FD9B}"
EndProject
Project("{2150E333-8FDC-42A3-9474-1A3956D46DE8}") = "Section 3 -Operators", "Section 3 -Operators", "{8017DB07-3E50-487F-9EA7-A4075D844168}"
EndProject
Project("{9A19103F-16F7-4668-BE54-9A1E7A4F7556}") = "Assignment1", "Section 3 -Operators\Assignment1\Assignment1.csproj", "{9C0CB79F-4DEE-42EB-A66A-0C04B5E2ADD4}"
EndProject
Project("{9A19103F-16F7-4668-BE54-9A1E7A4F7556}") = "Assignment1Solution", "Section 3 -Operators\Assignment1Solution\Assignment1Solution.csproj", "{A8B0B109-C282-4C80-9FBD-2FF7C3352580}"
EndProject
Project("{9A19103F-16F7-4668-BE54-9A1E7A4F7556}") = "AssignmentOperators", "Section 3 -Operators\AssignmentOperators\AssignmentOperators.csproj", "{4323D012-F38F-4C0C-9832-250333A7796E}"
EndProject
Project("{9A19103F-16F7-4668-BE54-9A1E7A4F7556}") = "ComparisonOperators", "Section 3 -Operators\ComparisonOperators\ComparisonOperators.csproj", "{DA821C83-81F9-429F-96F5-6BC07599B987}"
EndProject
Project("{9A19103F-16F7-4668-BE54-9A1E7A4F7556}") = "ConditionalOperators", "Section 3 -Operators\ConditionalOperators\ConditionalOperators.csproj", "{33FB56F0-83AE-4659-9B25-F75C41C85EFC}"
EndProject
Project("{9A19103F-16F7-4668-BE54-9A1E7A4F7556}") = "MathematicalOperators", "Section 3 -Operators\MathematicalOperators\MathematicalOperators.csproj", "{F1854EF3-EA35-43B2-B3DC-2004324B9F32}"
EndProject
Project("{9A19103F-16F7-4668-BE54-9A1E7A4F7556}") = "UnaryOperators", "Section 3 -Operators\UnaryOperators\UnaryOperators.csproj", "{41EAD03E-5DBE-425E-BB14-CD0AB9A4D4FF}"
EndProject
Project("{2150E333-8FDC-42A3-9474-1A3956D46DE8}") = "Section 4 -SelectionStatements", "Section 4 -SelectionStatements", "{C6D95368-A38D-4267-982D-E5CF4AFF9DBA}"
EndProject
Project("{9A19103F-16F7-4668-BE54-9A1E7A4F7556}") = "Assignment1", "Section 4 -SelectionStatements\Assignment1\Assignment1.csproj", "{D1FC1DA2-30C9-4B30-A32A-59A0D4661A7F}"
EndProject
Project("{9A19103F-16F7-4668-BE54-9A1E7A4F7556}") = "Assignment1Solution", "Section 4 -SelectionStatements\Assignment1Solution\Assignment1Solution.csproj", "{14B34771-61A1-4E50-BE03-85CCE44448A8}"
EndProject
Project("{9A19103F-16F7-4668-BE54-9A1E7A4F7556}") = "Assignment2", "Section 4 -SelectionStatements\Assignment2\Assignment2.csproj", "{5BBBD3CB-DD7D-4979-B33A-DFE3721EE03D}"
EndProject
Project("{9A19103F-16F7-4668-BE54-9A1E7A4F7556}") = "Assignment2Solution", "Section 4 -SelectionStatements\Assignment2Solution\Assignment2Solution.csproj", "{849BF5C6-CBFD-41EE-962C-E049AD0310C2}"
EndProject
Project("{9A19103F-16F7-4668-BE54-9A1E7A4F7556}") = "Assignment3", "Section 4 -SelectionStatements\Assignment3\Assignment3.csproj", "{BBE1FCB4-27DD-4D45-8AEE-4312A6388D03}"
EndProject
Project("{9A19103F-16F7-4668-BE54-9A1E7A4F7556}") = "Assignment3Solution", "Section 4 -SelectionStatements\Assignment3Solution\Assignment3Solution.csproj", "{E307D9EF-2117-4E41-B7C9-81CA5C31019C}"
EndProject
Project("{9A19103F-16F7-4668-BE54-9A1E7A4F7556}") = "Assignment4", "Section 4 -SelectionStatements\Assignment4\Assignment4.csproj", "{C70DC391-05C8-4985-B99C-84E77696CD45}"
EndProject
Project("{9A19103F-16F7-4668-BE54-9A1E7A4F7556}") = "Assignment4Solution", "Section 4 -SelectionStatements\Assignment4Solution\Assignment4Solution.csproj", "{B15D29A8-8048-49E6-BB0F-3362BDAB0FFC}"
EndProject
Project("{9A19103F-16F7-4668-BE54-9A1E7A4F7556}") = "IfStatements", "Section 4 -SelectionStatements\IfStatements\IfStatements.csproj", "{5781029B-E240-46BF-95BD-CCAE72AADD7B}"
EndProject
Project("{9A19103F-16F7-4668-BE54-9A1E7A4F7556}") = "SwitchStatements", "Section 4 -SelectionStatements\SwitchStatements\SwitchStatements.csproj", "{1B03228C-228A-4A42-9AA7-180786FE7BA6}"
EndProject
Project("{2150E333-8FDC-42A3-9474-1A3956D46DE8}") = "Section 5 -IterativeStatements", "Section 5 -IterativeStatements", "{C280BA1F-662B-40E2-90FB-F1215658752E}"
EndProject
Project("{9A19103F-16F7-4668-BE54-9A1E7A4F7556}") = "Assignment1", "Section 5 -IterativeStatements\Assignment1\Assignment1.csproj", "{1B0A7A5C-7C2E-4A38-88A9-CF5D85F8C4C8}"
EndProject
Project("{9A19103F-16F7-4668-BE54-9A1E7A4F7556}") = "Assignment1Solution", "Section 5 -IterativeStatements\Assignment1Solution\Assignment1Solution.csproj", "{C12B0673-971A-4C6F-84A3-C745EBA9587D}"
EndProject
Project("{9A19103F-16F7-4668-BE54-9A1E7A4F7556}") = "Assignment2", "Section 5 -IterativeStatements\Assignment2\Assignment2.csproj", "{037C1106-1700-41D7-A063-22A43184096A}"
EndProject
Project("{9A19103F-16F7-4668-BE54-9A1E7A4F7556}") = "Assignment2Solution", "Section 5 -IterativeStatements\Assignment2Solution\Assignment2Solution.csproj", "{7084FCC8-5888-4FD3-BD40-332B4CBA1EB2}"
EndProject
Project("{9A19103F-16F7-4668-BE54-9A1E7A4F7556}") = "Assignment3", "Section 5 -IterativeStatements\Assignment3\Assignment3.csproj", "{8CE68FFD-6310-4321-9F4E-08061E6E117A}"
EndProject
Project("{9A19103F-16F7-4668-BE54-9A1E7A4F7556}") = "Assignment3Solution", "Section 5 -IterativeStatements\Assignment3Solution\Assignment3Solution.csproj", "{895E6BC1-07BE-4225-B111-47DBB1C0662B}"
EndProject
Project("{9A19103F-16F7-4668-BE54-9A1E7A4F7556}") = "Foreach", "Section 5 -IterativeStatements\Foreach\Foreach.csproj", "{E5E3A480-41E1-4FA6-B71E-C1F6CE70F65D}"
EndProject
Project("{9A19103F-16F7-4668-BE54-9A1E7A4F7556}") = "Loops", "Section 5 -IterativeStatements\Loops\Loops.csproj", "{939F2E0C-CA10-41FF-8EA0-CBE92E92EF1E}"
EndProject
Project("{2150E333-8FDC-42A3-9474-1A3956D46DE8}") = "Section 6 -Debugging", "Section 6 -Debugging", "{A28A17F2-8BC1-4BF2-B2AA-4E75C16F056C}"
EndProject
Project("{9A19103F-16F7-4668-BE54-9A1E7A4F7556}") = "Debugging", "Section 6 -Debugging\Debugging\Debugging.csproj", "{67DB4A8D-A279-456F-B80E-892E24A4C4ED}"
EndProject
Global
	GlobalSection(SolutionConfigurationPlatforms) = preSolution
		Debug|Any CPU = Debug|Any CPU
		Release|Any CPU = Release|Any CPU
	EndGlobalSection
	GlobalSection(ProjectConfigurationPlatforms) = postSolution
		{98D812E7-93C6-40F3-84D9-1FED1142B391}.Debug|Any CPU.ActiveCfg = Debug|Any CPU
		{98D812E7-93C6-40F3-84D9-1FED1142B391}.Debug|Any CPU.Build.0 = Debug|Any CPU
		{98D812E7-93C6-40F3-84D9-1FED1142B391}.Release|Any CPU.ActiveCfg = Release|Any CPU
		{98D812E7-93C6-40F3-84D9-1FED1142B391}.Release|Any CPU.Build.0 = Release|Any CPU
		{C3737622-9250-429E-B845-14D8E46AB5D7}.Debug|Any CPU.ActiveCfg = Debug|Any CPU
		{C3737622-9250-429E-B845-14D8E46AB5D7}.Debug|Any CPU.Build.0 = Debug|Any CPU
		{C3737622-9250-429E-B845-14D8E46AB5D7}.Release|Any CPU.ActiveCfg = Release|Any CPU
		{C3737622-9250-429E-B845-14D8E46AB5D7}.Release|Any CPU.Build.0 = Release|Any CPU
		{0C4DF1BF-61EB-4E1A-83D2-871A6DF1ADED}.Debug|Any CPU.ActiveCfg = Debug|Any CPU
		{0C4DF1BF-61EB-4E1A-83D2-871A6DF1ADED}.Debug|Any CPU.Build.0 = Debug|Any CPU
		{0C4DF1BF-61EB-4E1A-83D2-871A6DF1ADED}.Release|Any CPU.ActiveCfg = Release|Any CPU
		{0C4DF1BF-61EB-4E1A-83D2-871A6DF1ADED}.Release|Any CPU.Build.0 = Release|Any CPU
		{CA2F363D-25A8-44AF-B57A-5AC55FBC1A45}.Debug|Any CPU.ActiveCfg = Debug|Any CPU
		{CA2F363D-25A8-44AF-B57A-5AC55FBC1A45}.Debug|Any CPU.Build.0 = Debug|Any CPU
		{CA2F363D-25A8-44AF-B57A-5AC55FBC1A45}.Release|Any CPU.ActiveCfg = Release|Any CPU
		{CA2F363D-25A8-44AF-B57A-5AC55FBC1A45}.Release|Any CPU.Build.0 = Release|Any CPU
		{12A3729E-4ED3-4B6D-BA7D-224F82206724}.Debug|Any CPU.ActiveCfg = Debug|Any CPU
		{12A3729E-4ED3-4B6D-BA7D-224F82206724}.Debug|Any CPU.Build.0 = Debug|Any CPU
		{12A3729E-4ED3-4B6D-BA7D-224F82206724}.Release|Any CPU.ActiveCfg = Release|Any CPU
		{12A3729E-4ED3-4B6D-BA7D-224F82206724}.Release|Any CPU.Build.0 = Release|Any CPU
		{C4749ACB-0B14-4022-B4D9-B3E357ADEB6D}.Debug|Any CPU.ActiveCfg = Debug|Any CPU
		{C4749ACB-0B14-4022-B4D9-B3E357ADEB6D}.Debug|Any CPU.Build.0 = Debug|Any CPU
		{C4749ACB-0B14-4022-B4D9-B3E357ADEB6D}.Release|Any CPU.ActiveCfg = Release|Any CPU
		{C4749ACB-0B14-4022-B4D9-B3E357ADEB6D}.Release|Any CPU.Build.0 = Release|Any CPU
		{1243E696-EEE6-4D56-AF5E-87B2D659BFEF}.Debug|Any CPU.ActiveCfg = Debug|Any CPU
		{1243E696-EEE6-4D56-AF5E-87B2D659BFEF}.Debug|Any CPU.Build.0 = Debug|Any CPU
		{1243E696-EEE6-4D56-AF5E-87B2D659BFEF}.Release|Any CPU.ActiveCfg = Release|Any CPU
		{1243E696-EEE6-4D56-AF5E-87B2D659BFEF}.Release|Any CPU.Build.0 = Release|Any CPU
		{D144108B-B2A5-41C3-9F4D-054D1274DFD9}.Debug|Any CPU.ActiveCfg = Debug|Any CPU
		{D144108B-B2A5-41C3-9F4D-054D1274DFD9}.Debug|Any CPU.Build.0 = Debug|Any CPU
		{D144108B-B2A5-41C3-9F4D-054D1274DFD9}.Release|Any CPU.ActiveCfg = Release|Any CPU
		{D144108B-B2A5-41C3-9F4D-054D1274DFD9}.Release|Any CPU.Build.0 = Release|Any CPU
		{F9883060-93FB-4BFE-8B98-2984FA78FD9B}.Debug|Any CPU.ActiveCfg = Debug|Any CPU
		{F9883060-93FB-4BFE-8B98-2984FA78FD9B}.Debug|Any CPU.Build.0 = Debug|Any CPU
		{F9883060-93FB-4BFE-8B98-2984FA78FD9B}.Release|Any CPU.ActiveCfg = Release|Any CPU
		{F9883060-93FB-4BFE-8B98-2984FA78FD9B}.Release|Any CPU.Build.0 = Release|Any CPU
		{9C0CB79F-4DEE-42EB-A66A-0C04B5E2ADD4}.Debug|Any CPU.ActiveCfg = Debug|Any CPU
		{9C0CB79F-4DEE-42EB-A66A-0C04B5E2ADD4}.Debug|Any CPU.Build.0 = Debug|Any CPU
		{9C0CB79F-4DEE-42EB-A66A-0C04B5E2ADD4}.Release|Any CPU.ActiveCfg = Release|Any CPU
		{9C0CB79F-4DEE-42EB-A66A-0C04B5E2ADD4}.Release|Any CPU.Build.0 = Release|Any CPU
		{A8B0B109-C282-4C80-9FBD-2FF7C3352580}.Debug|Any CPU.ActiveCfg = Debug|Any CPU
		{A8B0B109-C282-4C80-9FBD-2FF7C3352580}.Debug|Any CPU.Build.0 = Debug|Any CPU
		{A8B0B109-C282-4C80-9FBD-2FF7C3352580}.Release|Any CPU.ActiveCfg = Release|Any CPU
		{A8B0B109-C282-4C80-9FBD-2FF7C3352580}.Release|Any CPU.Build.0 = Release|Any CPU
		{4323D012-F38F-4C0C-9832-250333A7796E}.Debug|Any CPU.ActiveCfg = Debug|Any CPU
		{4323D012-F38F-4C0C-9832-250333A7796E}.Debug|Any CPU.Build.0 = Debug|Any CPU
		{4323D012-F38F-4C0C-9832-250333A7796E}.Release|Any CPU.ActiveCfg = Release|Any CPU
		{4323D012-F38F-4C0C-9832-250333A7796E}.Release|Any CPU.Build.0 = Release|Any CPU
		{DA821C83-81F9-429F-96F5-6BC07599B987}.Debug|Any CPU.ActiveCfg = Debug|Any CPU
		{DA821C83-81F9-429F-96F5-6BC07599B987}.Debug|Any CPU.Build.0 = Debug|Any CPU
		{DA821C83-81F9-429F-96F5-6BC07599B987}.Release|Any CPU.ActiveCfg = Release|Any CPU
		{DA821C83-81F9-429F-96F5-6BC07599B987}.Release|Any CPU.Build.0 = Release|Any CPU
		{33FB56F0-83AE-4659-9B25-F75C41C85EFC}.Debug|Any CPU.ActiveCfg = Debug|Any CPU
		{33FB56F0-83AE-4659-9B25-F75C41C85EFC}.Debug|Any CPU.Build.0 = Debug|Any CPU
		{33FB56F0-83AE-4659-9B25-F75C41C85EFC}.Release|Any CPU.ActiveCfg = Release|Any CPU
		{33FB56F0-83AE-4659-9B25-F75C41C85EFC}.Release|Any CPU.Build.0 = Release|Any CPU
		{F1854EF3-EA35-43B2-B3DC-2004324B9F32}.Debug|Any CPU.ActiveCfg = Debug|Any CPU
		{F1854EF3-EA35-43B2-B3DC-2004324B9F32}.Debug|Any CPU.Build.0 = Debug|Any CPU
		{F1854EF3-EA35-43B2-B3DC-2004324B9F32}.Release|Any CPU.ActiveCfg = Release|Any CPU
		{F1854EF3-EA35-43B2-B3DC-2004324B9F32}.Release|Any CPU.Build.0 = Release|Any CPU
		{41EAD03E-5DBE-425E-BB14-CD0AB9A4D4FF}.Debug|Any CPU.ActiveCfg = Debug|Any CPU
		{41EAD03E-5DBE-425E-BB14-CD0AB9A4D4FF}.Debug|Any CPU.Build.0 = Debug|Any CPU
		{41EAD03E-5DBE-425E-BB14-CD0AB9A4D4FF}.Release|Any CPU.ActiveCfg = Release|Any CPU
		{41EAD03E-5DBE-425E-BB14-CD0AB9A4D4FF}.Release|Any CPU.Build.0 = Release|Any CPU
		{D1FC1DA2-30C9-4B30-A32A-59A0D4661A7F}.Debug|Any CPU.ActiveCfg = Debug|Any CPU
		{D1FC1DA2-30C9-4B30-A32A-59A0D4661A7F}.Debug|Any CPU.Build.0 = Debug|Any CPU
		{D1FC1DA2-30C9-4B30-A32A-59A0D4661A7F}.Release|Any CPU.ActiveCfg = Release|Any CPU
		{D1FC1DA2-30C9-4B30-A32A-59A0D4661A7F}.Release|Any CPU.Build.0 = Release|Any CPU
		{14B34771-61A1-4E50-BE03-85CCE44448A8}.Debug|Any CPU.ActiveCfg = Debug|Any CPU
		{14B34771-61A1-4E50-BE03-85CCE44448A8}.Debug|Any CPU.Build.0 = Debug|Any CPU
		{14B34771-61A1-4E50-BE03-85CCE44448A8}.Release|Any CPU.ActiveCfg = Release|Any CPU
		{14B34771-61A1-4E50-BE03-85CCE44448A8}.Release|Any CPU.Build.0 = Release|Any CPU
		{5BBBD3CB-DD7D-4979-B33A-DFE3721EE03D}.Debug|Any CPU.ActiveCfg = Debug|Any CPU
		{5BBBD3CB-DD7D-4979-B33A-DFE3721EE03D}.Debug|Any CPU.Build.0 = Debug|Any CPU
		{5BBBD3CB-DD7D-4979-B33A-DFE3721EE03D}.Release|Any CPU.ActiveCfg = Release|Any CPU
		{5BBBD3CB-DD7D-4979-B33A-DFE3721EE03D}.Release|Any CPU.Build.0 = Release|Any CPU
		{849BF5C6-CBFD-41EE-962C-E049AD0310C2}.Debug|Any CPU.ActiveCfg = Debug|Any CPU
		{849BF5C6-CBFD-41EE-962C-E049AD0310C2}.Debug|Any CPU.Build.0 = Debug|Any CPU
		{849BF5C6-CBFD-41EE-962C-E049AD0310C2}.Release|Any CPU.ActiveCfg = Release|Any CPU
		{849BF5C6-CBFD-41EE-962C-E049AD0310C2}.Release|Any CPU.Build.0 = Release|Any CPU
		{BBE1FCB4-27DD-4D45-8AEE-4312A6388D03}.Debug|Any CPU.ActiveCfg = Debug|Any CPU
		{BBE1FCB4-27DD-4D45-8AEE-4312A6388D03}.Debug|Any CPU.Build.0 = Debug|Any CPU
		{BBE1FCB4-27DD-4D45-8AEE-4312A6388D03}.Release|Any CPU.ActiveCfg = Release|Any CPU
		{BBE1FCB4-27DD-4D45-8AEE-4312A6388D03}.Release|Any CPU.Build.0 = Release|Any CPU
		{E307D9EF-2117-4E41-B7C9-81CA5C31019C}.Debug|Any CPU.ActiveCfg = Debug|Any CPU
		{E307D9EF-2117-4E41-B7C9-81CA5C31019C}.Debug|Any CPU.Build.0 = Debug|Any CPU
		{E307D9EF-2117-4E41-B7C9-81CA5C31019C}.Release|Any CPU.ActiveCfg = Release|Any CPU
		{E307D9EF-2117-4E41-B7C9-81CA5C31019C}.Release|Any CPU.Build.0 = Release|Any CPU
		{C70DC391-05C8-4985-B99C-84E77696CD45}.Debug|Any CPU.ActiveCfg = Debug|Any CPU
		{C70DC391-05C8-4985-B99C-84E77696CD45}.Debug|Any CPU.Build.0 = Debug|Any CPU
		{C70DC391-05C8-4985-B99C-84E77696CD45}.Release|Any CPU.ActiveCfg = Release|Any CPU
		{C70DC391-05C8-4985-B99C-84E77696CD45}.Release|Any CPU.Build.0 = Release|Any CPU
		{B15D29A8-8048-49E6-BB0F-3362BDAB0FFC}.Debug|Any CPU.ActiveCfg = Debug|Any CPU
		{B15D29A8-8048-49E6-BB0F-3362BDAB0FFC}.Debug|Any CPU.Build.0 = Debug|Any CPU
		{B15D29A8-8048-49E6-BB0F-3362BDAB0FFC}.Release|Any CPU.ActiveCfg = Release|Any CPU
		{B15D29A8-8048-49E6-BB0F-3362BDAB0FFC}.Release|Any CPU.Build.0 = Release|Any CPU
		{5781029B-E240-46BF-95BD-CCAE72AADD7B}.Debug|Any CPU.ActiveCfg = Debug|Any CPU
		{5781029B-E240-46BF-95BD-CCAE72AADD7B}.Debug|Any CPU.Build.0 = Debug|Any CPU
		{5781029B-E240-46BF-95BD-CCAE72AADD7B}.Release|Any CPU.ActiveCfg = Release|Any CPU
		{5781029B-E240-46BF-95BD-CCAE72AADD7B}.Release|Any CPU.Build.0 = Release|Any CPU
		{1B03228C-228A-4A42-9AA7-180786FE7BA6}.Debug|Any CPU.ActiveCfg = Debug|Any CPU
		{1B03228C-228A-4A42-9AA7-180786FE7BA6}.Debug|Any CPU.Build.0 = Debug|Any CPU
		{1B03228C-228A-4A42-9AA7-180786FE7BA6}.Release|Any CPU.ActiveCfg = Release|Any CPU
		{1B03228C-228A-4A42-9AA7-180786FE7BA6}.Release|Any CPU.Build.0 = Release|Any CPU
		{1B0A7A5C-7C2E-4A38-88A9-CF5D85F8C4C8}.Debug|Any CPU.ActiveCfg = Debug|Any CPU
		{1B0A7A5C-7C2E-4A38-88A9-CF5D85F8C4C8}.Debug|Any CPU.Build.0 = Debug|Any CPU
		{1B0A7A5C-7C2E-4A38-88A9-CF5D85F8C4C8}.Release|Any CPU.ActiveCfg = Release|Any CPU
		{1B0A7A5C-7C2E-4A38-88A9-CF5D85F8C4C8}.Release|Any CPU.Build.0 = Release|Any CPU
		{C12B0673-971A-4C6F-84A3-C745EBA9587D}.Debug|Any CPU.ActiveCfg = Debug|Any CPU
		{C12B0673-971A-4C6F-84A3-C745EBA9587D}.Debug|Any CPU.Build.0 = Debug|Any CPU
		{C12B0673-971A-4C6F-84A3-C745EBA9587D}.Release|Any CPU.ActiveCfg = Release|Any CPU
		{C12B0673-971A-4C6F-84A3-C745EBA9587D}.Release|Any CPU.Build.0 = Release|Any CPU
		{037C1106-1700-41D7-A063-22A43184096A}.Debug|Any CPU.ActiveCfg = Debug|Any CPU
		{037C1106-1700-41D7-A063-22A43184096A}.Debug|Any CPU.Build.0 = Debug|Any CPU
		{037C1106-1700-41D7-A063-22A43184096A}.Release|Any CPU.ActiveCfg = Release|Any CPU
		{037C1106-1700-41D7-A063-22A43184096A}.Release|Any CPU.Build.0 = Release|Any CPU
		{7084FCC8-5888-4FD3-BD40-332B4CBA1EB2}.Debug|Any CPU.ActiveCfg = Debug|Any CPU
		{7084FCC8-5888-4FD3-BD40-332B4CBA1EB2}.Debug|Any CPU.Build.0 = Debug|Any CPU
		{7084FCC8-5888-4FD3-BD40-332B4CBA1EB2}.Release|Any CPU.ActiveCfg = Release|Any CPU
		{7084FCC8-5888-4FD3-BD40-332B4CBA1EB2}.Release|Any CPU.Build.0 = Release|Any CPU
		{8CE68FFD-6310-4321-9F4E-08061E6E117A}.Debug|Any CPU.ActiveCfg = Debug|Any CPU
		{8CE68FFD-6310-4321-9F4E-08061E6E117A}.Debug|Any CPU.Build.0 = Debug|Any CPU
		{8CE68FFD-6310-4321-9F4E-08061E6E117A}.Release|Any CPU.ActiveCfg = Release|Any CPU
		{8CE68FFD-6310-4321-9F4E-08061E6E117A}.Release|Any CPU.Build.0 = Release|Any CPU
		{895E6BC1-07BE-4225-B111-47DBB1C0662B}.Debug|Any CPU.ActiveCfg = Debug|Any CPU
		{895E6BC1-07BE-4225-B111-47DBB1C0662B}.Debug|Any CPU.Build.0 = Debug|Any CPU
		{895E6BC1-07BE-4225-B111-47DBB1C0662B}.Release|Any CPU.ActiveCfg = Release|Any CPU
		{895E6BC1-07BE-4225-B111-47DBB1C0662B}.Release|Any CPU.Build.0 = Release|Any CPU
		{E5E3A480-41E1-4FA6-B71E-C1F6CE70F65D}.Debug|Any CPU.ActiveCfg = Debug|Any CPU
		{E5E3A480-41E1-4FA6-B71E-C1F6CE70F65D}.Debug|Any CPU.Build.0 = Debug|Any CPU
		{E5E3A480-41E1-4FA6-B71E-C1F6CE70F65D}.Release|Any CPU.ActiveCfg = Release|Any CPU
		{E5E3A480-41E1-4FA6-B71E-C1F6CE70F65D}.Release|Any CPU.Build.0 = Release|Any CPU
		{939F2E0C-CA10-41FF-8EA0-CBE92E92EF1E}.Debug|Any CPU.ActiveCfg = Debug|Any CPU
		{939F2E0C-CA10-41FF-8EA0-CBE92E92EF1E}.Debug|Any CPU.Build.0 = Debug|Any CPU
		{939F2E0C-CA10-41FF-8EA0-CBE92E92EF1E}.Release|Any CPU.ActiveCfg = Release|Any CPU
		{939F2E0C-CA10-41FF-8EA0-CBE92E92EF1E}.Release|Any CPU.Build.0 = Release|Any CPU
		{67DB4A8D-A279-456F-B80E-892E24A4C4ED}.Debug|Any CPU.ActiveCfg = Debug|Any CPU
		{67DB4A8D-A279-456F-B80E-892E24A4C4ED}.Debug|Any CPU.Build.0 = Debug|Any CPU
		{67DB4A8D-A279-456F-B80E-892E24A4C4ED}.Release|Any CPU.ActiveCfg = Release|Any CPU
		{67DB4A8D-A279-456F-B80E-892E24A4C4ED}.Release|Any CPU.Build.0 = Release|Any CPU
	EndGlobalSection
	GlobalSection(SolutionProperties) = preSolution
		HideSolutionNode = FALSE
	EndGlobalSection
	GlobalSection(NestedProjects) = preSolution
		{98D812E7-93C6-40F3-84D9-1FED1142B391} = {A3E46E3D-9C82-4570-B5DD-2A8C21F65D10}
		{C3737622-9250-429E-B845-14D8E46AB5D7} = {A3E46E3D-9C82-4570-B5DD-2A8C21F65D10}
		{0C4DF1BF-61EB-4E1A-83D2-871A6DF1ADED} = {A3E46E3D-9C82-4570-B5DD-2A8C21F65D10}
		{CA2F363D-25A8-44AF-B57A-5AC55FBC1A45} = {87D90365-0051-4AF0-9322-804488CEB471}
		{12A3729E-4ED3-4B6D-BA7D-224F82206724} = {87D90365-0051-4AF0-9322-804488CEB471}
		{C4749ACB-0B14-4022-B4D9-B3E357ADEB6D} = {87D90365-0051-4AF0-9322-804488CEB471}
		{1243E696-EEE6-4D56-AF5E-87B2D659BFEF} = {87D90365-0051-4AF0-9322-804488CEB471}
		{D144108B-B2A5-41C3-9F4D-054D1274DFD9} = {87D90365-0051-4AF0-9322-804488CEB471}
		{F9883060-93FB-4BFE-8B98-2984FA78FD9B} = {87D90365-0051-4AF0-9322-804488CEB471}
		{9C0CB79F-4DEE-42EB-A66A-0C04B5E2ADD4} = {8017DB07-3E50-487F-9EA7-A4075D844168}
		{A8B0B109-C282-4C80-9FBD-2FF7C3352580} = {8017DB07-3E50-487F-9EA7-A4075D844168}
		{4323D012-F38F-4C0C-9832-250333A7796E} = {8017DB07-3E50-487F-9EA7-A4075D844168}
		{DA821C83-81F9-429F-96F5-6BC07599B987} = {8017DB07-3E50-487F-9EA7-A4075D844168}
		{33FB56F0-83AE-4659-9B25-F75C41C85EFC} = {8017DB07-3E50-487F-9EA7-A4075D844168}
		{F1854EF3-EA35-43B2-B3DC-2004324B9F32} = {8017DB07-3E50-487F-9EA7-A4075D844168}
		{41EAD03E-5DBE-425E-BB14-CD0AB9A4D4FF} = {8017DB07-3E50-487F-9EA7-A4075D844168}
		{D1FC1DA2-30C9-4B30-A32A-59A0D4661A7F} = {C6D95368-A38D-4267-982D-E5CF4AFF9DBA}
		{14B34771-61A1-4E50-BE03-85CCE44448A8} = {C6D95368-A38D-4267-982D-E5CF4AFF9DBA}
		{5BBBD3CB-DD7D-4979-B33A-DFE3721EE03D} = {C6D95368-A38D-4267-982D-E5CF4AFF9DBA}
		{849BF5C6-CBFD-41EE-962C-E049AD0310C2} = {C6D95368-A38D-4267-982D-E5CF4AFF9DBA}
		{BBE1FCB4-27DD-4D45-8AEE-4312A6388D03} = {C6D95368-A38D-4267-982D-E5CF4AFF9DBA}
		{E307D9EF-2117-4E41-B7C9-81CA5C31019C} = {C6D95368-A38D-4267-982D-E5CF4AFF9DBA}
		{C70DC391-05C8-4985-B99C-84E77696CD45} = {C6D95368-A38D-4267-982D-E5CF4AFF9DBA}
		{B15D29A8-8048-49E6-BB0F-3362BDAB0FFC} = {C6D95368-A38D-4267-982D-E5CF4AFF9DBA}
		{5781029B-E240-46BF-95BD-CCAE72AADD7B} = {C6D95368-A38D-4267-982D-E5CF4AFF9DBA}
		{1B03228C-228A-4A42-9AA7-180786FE7BA6} = {C6D95368-A38D-4267-982D-E5CF4AFF9DBA}
		{1B0A7A5C-7C2E-4A38-88A9-CF5D85F8C4C8} = {C280BA1F-662B-40E2-90FB-F1215658752E}
		{C12B0673-971A-4C6F-84A3-C745EBA9587D} = {C280BA1F-662B-40E2-90FB-F1215658752E}
		{037C1106-1700-41D7-A063-22A43184096A} = {C280BA1F-662B-40E2-90FB-F1215658752E}
		{7084FCC8-5888-4FD3-BD40-332B4CBA1EB2} = {C280BA1F-662B-40E2-90FB-F1215658752E}
		{8CE68FFD-6310-4321-9F4E-08061E6E117A} = {C280BA1F-662B-40E2-90FB-F1215658752E}
		{895E6BC1-07BE-4225-B111-47DBB1C0662B} = {C280BA1F-662B-40E2-90FB-F1215658752E}
		{E5E3A480-41E1-4FA6-B71E-C1F6CE70F65D} = {C280BA1F-662B-40E2-90FB-F1215658752E}
		{939F2E0C-CA10-41FF-8EA0-CBE92E92EF1E} = {C280BA1F-662B-40E2-90FB-F1215658752E}
		{67DB4A8D-A279-456F-B80E-892E24A4C4ED} = {A28A17F2-8BC1-4BF2-B2AA-4E75C16F056C}
	EndGlobalSection
	GlobalSection(ExtensibilityGlobals) = postSolution
		SolutionGuid = {3F834DDF-0055-4202-8DE6-B53EBCD1F7A0}
	EndGlobalSection
EndGlobal
